
Microsoft Visual Studio Solution File, Format Version 12.00
# Visual Studio Version 16
VisualStudioVersion = 16.0.30804.86
MinimumVisualStudioVersion = 10.0.40219.1
Project("{FAE04EC0-301F-11D3-BF4B-00C04F79EFBC}") = "TheBarber", "TheBarber\TheBarber\TheBarber.csproj", "{67DD606B-828E-4987-BCB6-FD79FC188ABE}"
EndProject
Project("{FAE04EC0-301F-11D3-BF4B-00C04F79EFBC}") = "TheBarber.Android", "TheBarber\TheBarber.Android\TheBarber.Android.csproj", "{91CE71D1-BBAF-46F2-B5A7-DA85675D12E0}"
EndProject
Project("{FAE04EC0-301F-11D3-BF4B-00C04F79EFBC}") = "TheBarber.iOS", "TheBarber\TheBarber.iOS\TheBarber.iOS.csproj", "{5D7A1DA8-4F30-4C20-A091-4BF1520EC269}"
EndProject
Project("{FAE04EC0-301F-11D3-BF4B-00C04F79EFBC}") = "TheBarber.UWP", "TheBarber\TheBarber.UWP\TheBarber.UWP.csproj", "{91B6E3F9-AADA-48C6-8402-F715AAE5D4AA}"
EndProject
Global
	GlobalSection(SolutionConfigurationPlatforms) = preSolution
		Ad-Hoc|Any CPU = Ad-Hoc|Any CPU
		Ad-Hoc|ARM = Ad-Hoc|ARM
		Ad-Hoc|iPhone = Ad-Hoc|iPhone
		Ad-Hoc|iPhoneSimulator = Ad-Hoc|iPhoneSimulator
		Ad-Hoc|x64 = Ad-Hoc|x64
		Ad-Hoc|x86 = Ad-Hoc|x86
		AppStore|Any CPU = AppStore|Any CPU
		AppStore|ARM = AppStore|ARM
		AppStore|iPhone = AppStore|iPhone
		AppStore|iPhoneSimulator = AppStore|iPhoneSimulator
		AppStore|x64 = AppStore|x64
		AppStore|x86 = AppStore|x86
		Debug|Any CPU = Debug|Any CPU
		Debug|ARM = Debug|ARM
		Debug|iPhone = Debug|iPhone
		Debug|iPhoneSimulator = Debug|iPhoneSimulator
		Debug|x64 = Debug|x64
		Debug|x86 = Debug|x86
		Release|Any CPU = Release|Any CPU
		Release|ARM = Release|ARM
		Release|iPhone = Release|iPhone
		Release|iPhoneSimulator = Release|iPhoneSimulator
		Release|x64 = Release|x64
		Release|x86 = Release|x86
	EndGlobalSection
	GlobalSection(ProjectConfigurationPlatforms) = postSolution
		{67DD606B-828E-4987-BCB6-FD79FC188ABE}.Ad-Hoc|Any CPU.ActiveCfg = Debug|Any CPU
		{67DD606B-828E-4987-BCB6-FD79FC188ABE}.Ad-Hoc|Any CPU.Build.0 = Debug|Any CPU
		{67DD606B-828E-4987-BCB6-FD79FC188ABE}.Ad-Hoc|ARM.ActiveCfg = Debug|Any CPU
		{67DD606B-828E-4987-BCB6-FD79FC188ABE}.Ad-Hoc|ARM.Build.0 = Debug|Any CPU
		{67DD606B-828E-4987-BCB6-FD79FC188ABE}.Ad-Hoc|iPhone.ActiveCfg = Debug|Any CPU
		{67DD606B-828E-4987-BCB6-FD79FC188ABE}.Ad-Hoc|iPhone.Build.0 = Debug|Any CPU
		{67DD606B-828E-4987-BCB6-FD79FC188ABE}.Ad-Hoc|iPhoneSimulator.ActiveCfg = Debug|Any CPU
		{67DD606B-828E-4987-BCB6-FD79FC188ABE}.Ad-Hoc|iPhoneSimulator.Build.0 = Debug|Any CPU
		{67DD606B-828E-4987-BCB6-FD79FC188ABE}.Ad-Hoc|x64.ActiveCfg = Debug|Any CPU
		{67DD606B-828E-4987-BCB6-FD79FC188ABE}.Ad-Hoc|x64.Build.0 = Debug|Any CPU
		{67DD606B-828E-4987-BCB6-FD79FC188ABE}.Ad-Hoc|x86.ActiveCfg = Debug|Any CPU
		{67DD606B-828E-4987-BCB6-FD79FC188ABE}.Ad-Hoc|x86.Build.0 = Debug|Any CPU
		{67DD606B-828E-4987-BCB6-FD79FC188ABE}.AppStore|Any CPU.ActiveCfg = Debug|Any CPU
		{67DD606B-828E-4987-BCB6-FD79FC188ABE}.AppStore|Any CPU.Build.0 = Debug|Any CPU
		{67DD606B-828E-4987-BCB6-FD79FC188ABE}.AppStore|ARM.ActiveCfg = Debug|Any CPU
		{67DD606B-828E-4987-BCB6-FD79FC188ABE}.AppStore|ARM.Build.0 = Debug|Any CPU
		{67DD606B-828E-4987-BCB6-FD79FC188ABE}.AppStore|iPhone.ActiveCfg = Debug|Any CPU
		{67DD606B-828E-4987-BCB6-FD79FC188ABE}.AppStore|iPhone.Build.0 = Debug|Any CPU
		{67DD606B-828E-4987-BCB6-FD79FC188ABE}.AppStore|iPhoneSimulator.ActiveCfg = Debug|Any CPU
		{67DD606B-828E-4987-BCB6-FD79FC188ABE}.AppStore|iPhoneSimulator.Build.0 = Debug|Any CPU
		{67DD606B-828E-4987-BCB6-FD79FC188ABE}.AppStore|x64.ActiveCfg = Debug|Any CPU
		{67DD606B-828E-4987-BCB6-FD79FC188ABE}.AppStore|x64.Build.0 = Debug|Any CPU
		{67DD606B-828E-4987-BCB6-FD79FC188ABE}.AppStore|x86.ActiveCfg = Debug|Any CPU
		{67DD606B-828E-4987-BCB6-FD79FC188ABE}.AppStore|x86.Build.0 = Debug|Any CPU
		{67DD606B-828E-4987-BCB6-FD79FC188ABE}.Debug|Any CPU.ActiveCfg = Debug|Any CPU
		{67DD606B-828E-4987-BCB6-FD79FC188ABE}.Debug|Any CPU.Build.0 = Debug|Any CPU
		{67DD606B-828E-4987-BCB6-FD79FC188ABE}.Debug|ARM.ActiveCfg = Debug|Any CPU
		{67DD606B-828E-4987-BCB6-FD79FC188ABE}.Debug|ARM.Build.0 = Debug|Any CPU
		{67DD606B-828E-4987-BCB6-FD79FC188ABE}.Debug|iPhone.ActiveCfg = Debug|Any CPU
		{67DD606B-828E-4987-BCB6-FD79FC188ABE}.Debug|iPhone.Build.0 = Debug|Any CPU
		{67DD606B-828E-4987-BCB6-FD79FC188ABE}.Debug|iPhoneSimulator.ActiveCfg = Debug|Any CPU
		{67DD606B-828E-4987-BCB6-FD79FC188ABE}.Debug|iPhoneSimulator.Build.0 = Debug|Any CPU
		{67DD606B-828E-4987-BCB6-FD79FC188ABE}.Debug|x64.ActiveCfg = Debug|Any CPU
		{67DD606B-828E-4987-BCB6-FD79FC188ABE}.Debug|x64.Build.0 = Debug|Any CPU
		{67DD606B-828E-4987-BCB6-FD79FC188ABE}.Debug|x86.ActiveCfg = Debug|Any CPU
		{67DD606B-828E-4987-BCB6-FD79FC188ABE}.Debug|x86.Build.0 = Debug|Any CPU
		{67DD606B-828E-4987-BCB6-FD79FC188ABE}.Release|Any CPU.ActiveCfg = Release|Any CPU
		{67DD606B-828E-4987-BCB6-FD79FC188ABE}.Release|Any CPU.Build.0 = Release|Any CPU
		{67DD606B-828E-4987-BCB6-FD79FC188ABE}.Release|ARM.ActiveCfg = Release|Any CPU
		{67DD606B-828E-4987-BCB6-FD79FC188ABE}.Release|ARM.Build.0 = Release|Any CPU
		{67DD606B-828E-4987-BCB6-FD79FC188ABE}.Release|iPhone.ActiveCfg = Release|Any CPU
		{67DD606B-828E-4987-BCB6-FD79FC188ABE}.Release|iPhone.Build.0 = Release|Any CPU
		{67DD606B-828E-4987-BCB6-FD79FC188ABE}.Release|iPhoneSimulator.ActiveCfg = Release|Any CPU
		{67DD606B-828E-4987-BCB6-FD79FC188ABE}.Release|iPhoneSimulator.Build.0 = Release|Any CPU
		{67DD606B-828E-4987-BCB6-FD79FC188ABE}.Release|x64.ActiveCfg = Release|Any CPU
		{67DD606B-828E-4987-BCB6-FD79FC188ABE}.Release|x64.Build.0 = Release|Any CPU
		{67DD606B-828E-4987-BCB6-FD79FC188ABE}.Release|x86.ActiveCfg = Release|Any CPU
		{67DD606B-828E-4987-BCB6-FD79FC188ABE}.Release|x86.Build.0 = Release|Any CPU
		{91CE71D1-BBAF-46F2-B5A7-DA85675D12E0}.Ad-Hoc|Any CPU.ActiveCfg = Debug|Any CPU
		{91CE71D1-BBAF-46F2-B5A7-DA85675D12E0}.Ad-Hoc|Any CPU.Build.0 = Debug|Any CPU
		{91CE71D1-BBAF-46F2-B5A7-DA85675D12E0}.Ad-Hoc|Any CPU.Deploy.0 = Debug|Any CPU
		{91CE71D1-BBAF-46F2-B5A7-DA85675D12E0}.Ad-Hoc|ARM.ActiveCfg = Debug|Any CPU
		{91CE71D1-BBAF-46F2-B5A7-DA85675D12E0}.Ad-Hoc|ARM.Build.0 = Debug|Any CPU
		{91CE71D1-BBAF-46F2-B5A7-DA85675D12E0}.Ad-Hoc|ARM.Deploy.0 = Debug|Any CPU
		{91CE71D1-BBAF-46F2-B5A7-DA85675D12E0}.Ad-Hoc|iPhone.ActiveCfg = Debug|Any CPU
		{91CE71D1-BBAF-46F2-B5A7-DA85675D12E0}.Ad-Hoc|iPhone.Build.0 = Debug|Any CPU
		{91CE71D1-BBAF-46F2-B5A7-DA85675D12E0}.Ad-Hoc|iPhone.Deploy.0 = Debug|Any CPU
		{91CE71D1-BBAF-46F2-B5A7-DA85675D12E0}.Ad-Hoc|iPhoneSimulator.ActiveCfg = Debug|Any CPU
		{91CE71D1-BBAF-46F2-B5A7-DA85675D12E0}.Ad-Hoc|iPhoneSimulator.Build.0 = Debug|Any CPU
		{91CE71D1-BBAF-46F2-B5A7-DA85675D12E0}.Ad-Hoc|iPhoneSimulator.Deploy.0 = Debug|Any CPU
		{91CE71D1-BBAF-46F2-B5A7-DA85675D12E0}.Ad-Hoc|x64.ActiveCfg = Debug|Any CPU
		{91CE71D1-BBAF-46F2-B5A7-DA85675D12E0}.Ad-Hoc|x64.Build.0 = Debug|Any CPU
		{91CE71D1-BBAF-46F2-B5A7-DA85675D12E0}.Ad-Hoc|x64.Deploy.0 = Debug|Any CPU
		{91CE71D1-BBAF-46F2-B5A7-DA85675D12E0}.Ad-Hoc|x86.ActiveCfg = Debug|Any CPU
		{91CE71D1-BBAF-46F2-B5A7-DA85675D12E0}.Ad-Hoc|x86.Build.0 = Debug|Any CPU
		{91CE71D1-BBAF-46F2-B5A7-DA85675D12E0}.Ad-Hoc|x86.Deploy.0 = Debug|Any CPU
		{91CE71D1-BBAF-46F2-B5A7-DA85675D12E0}.AppStore|Any CPU.ActiveCfg = Debug|Any CPU
		{91CE71D1-BBAF-46F2-B5A7-DA85675D12E0}.AppStore|Any CPU.Build.0 = Debug|Any CPU
		{91CE71D1-BBAF-46F2-B5A7-DA85675D12E0}.AppStore|Any CPU.Deploy.0 = Debug|Any CPU
		{91CE71D1-BBAF-46F2-B5A7-DA85675D12E0}.AppStore|ARM.ActiveCfg = Debug|Any CPU
		{91CE71D1-BBAF-46F2-B5A7-DA85675D12E0}.AppStore|ARM.Build.0 = Debug|Any CPU
		{91CE71D1-BBAF-46F2-B5A7-DA85675D12E0}.AppStore|ARM.Deploy.0 = Debug|Any CPU
		{91CE71D1-BBAF-46F2-B5A7-DA85675D12E0}.AppStore|iPhone.ActiveCfg = Debug|Any CPU
		{91CE71D1-BBAF-46F2-B5A7-DA85675D12E0}.AppStore|iPhone.Build.0 = Debug|Any CPU
		{91CE71D1-BBAF-46F2-B5A7-DA85675D12E0}.AppStore|iPhone.Deploy.0 = Debug|Any CPU
		{91CE71D1-BBAF-46F2-B5A7-DA85675D12E0}.AppStore|iPhoneSimulator.ActiveCfg = Debug|Any CPU
		{91CE71D1-BBAF-46F2-B5A7-DA85675D12E0}.AppStore|iPhoneSimulator.Build.0 = Debug|Any CPU
		{91CE71D1-BBAF-46F2-B5A7-DA85675D12E0}.AppStore|iPhoneSimulator.Deploy.0 = Debug|Any CPU
		{91CE71D1-BBAF-46F2-B5A7-DA85675D12E0}.AppStore|x64.ActiveCfg = Debug|Any CPU
		{91CE71D1-BBAF-46F2-B5A7-DA85675D12E0}.AppStore|x64.Build.0 = Debug|Any CPU
		{91CE71D1-BBAF-46F2-B5A7-DA85675D12E0}.AppStore|x64.Deploy.0 = Debug|Any CPU
		{91CE71D1-BBAF-46F2-B5A7-DA85675D12E0}.AppStore|x86.ActiveCfg = Debug|Any CPU
		{91CE71D1-BBAF-46F2-B5A7-DA85675D12E0}.AppStore|x86.Build.0 = Debug|Any CPU
		{91CE71D1-BBAF-46F2-B5A7-DA85675D12E0}.AppStore|x86.Deploy.0 = Debug|Any CPU
		{91CE71D1-BBAF-46F2-B5A7-DA85675D12E0}.Debug|Any CPU.ActiveCfg = Debug|Any CPU
		{91CE71D1-BBAF-46F2-B5A7-DA85675D12E0}.Debug|Any CPU.Build.0 = Debug|Any CPU
		{91CE71D1-BBAF-46F2-B5A7-DA85675D12E0}.Debug|Any CPU.Deploy.0 = Debug|Any CPU
		{91CE71D1-BBAF-46F2-B5A7-DA85675D12E0}.Debug|ARM.ActiveCfg = Debug|Any CPU
		{91CE71D1-BBAF-46F2-B5A7-DA85675D12E0}.Debug|ARM.Build.0 = Debug|Any CPU
		{91CE71D1-BBAF-46F2-B5A7-DA85675D12E0}.Debug|ARM.Deploy.0 = Debug|Any CPU
		{91CE71D1-BBAF-46F2-B5A7-DA85675D12E0}.Debug|iPhone.ActiveCfg = Debug|Any CPU
		{91CE71D1-BBAF-46F2-B5A7-DA85675D12E0}.Debug|iPhone.Build.0 = Debug|Any CPU
		{91CE71D1-BBAF-46F2-B5A7-DA85675D12E0}.Debug|iPhone.Deploy.0 = Debug|Any CPU
		{91CE71D1-BBAF-46F2-B5A7-DA85675D12E0}.Debug|iPhoneSimulator.ActiveCfg = Debug|Any CPU
		{91CE71D1-BBAF-46F2-B5A7-DA85675D12E0}.Debug|iPhoneSimulator.Build.0 = Debug|Any CPU
		{91CE71D1-BBAF-46F2-B5A7-DA85675D12E0}.Debug|iPhoneSimulator.Deploy.0 = Debug|Any CPU
		{91CE71D1-BBAF-46F2-B5A7-DA85675D12E0}.Debug|x64.ActiveCfg = Debug|Any CPU
		{91CE71D1-BBAF-46F2-B5A7-DA85675D12E0}.Debug|x64.Build.0 = Debug|Any CPU
		{91CE71D1-BBAF-46F2-B5A7-DA85675D12E0}.Debug|x64.Deploy.0 = Debug|Any CPU
		{91CE71D1-BBAF-46F2-B5A7-DA85675D12E0}.Debug|x86.ActiveCfg = Debug|Any CPU
		{91CE71D1-BBAF-46F2-B5A7-DA85675D12E0}.Debug|x86.Build.0 = Debug|Any CPU
		{91CE71D1-BBAF-46F2-B5A7-DA85675D12E0}.Debug|x86.Deploy.0 = Debug|Any CPU
		{91CE71D1-BBAF-46F2-B5A7-DA85675D12E0}.Release|Any CPU.ActiveCfg = Release|Any CPU
		{91CE71D1-BBAF-46F2-B5A7-DA85675D12E0}.Release|Any CPU.Build.0 = Release|Any CPU
		{91CE71D1-BBAF-46F2-B5A7-DA85675D12E0}.Release|Any CPU.Deploy.0 = Release|Any CPU
		{91CE71D1-BBAF-46F2-B5A7-DA85675D12E0}.Release|ARM.ActiveCfg = Release|Any CPU
		{91CE71D1-BBAF-46F2-B5A7-DA85675D12E0}.Release|ARM.Build.0 = Release|Any CPU
		{91CE71D1-BBAF-46F2-B5A7-DA85675D12E0}.Release|ARM.Deploy.0 = Release|Any CPU
		{91CE71D1-BBAF-46F2-B5A7-DA85675D12E0}.Release|iPhone.ActiveCfg = Release|Any CPU
		{91CE71D1-BBAF-46F2-B5A7-DA85675D12E0}.Release|iPhone.Build.0 = Release|Any CPU
		{91CE71D1-BBAF-46F2-B5A7-DA85675D12E0}.Release|iPhone.Deploy.0 = Release|Any CPU
		{91CE71D1-BBAF-46F2-B5A7-DA85675D12E0}.Release|iPhoneSimulator.ActiveCfg = Release|Any CPU
		{91CE71D1-BBAF-46F2-B5A7-DA85675D12E0}.Release|iPhoneSimulator.Build.0 = Release|Any CPU
		{91CE71D1-BBAF-46F2-B5A7-DA85675D12E0}.Release|iPhoneSimulator.Deploy.0 = Release|Any CPU
		{91CE71D1-BBAF-46F2-B5A7-DA85675D12E0}.Release|x64.ActiveCfg = Release|Any CPU
		{91CE71D1-BBAF-46F2-B5A7-DA85675D12E0}.Release|x64.Build.0 = Release|Any CPU
		{91CE71D1-BBAF-46F2-B5A7-DA85675D12E0}.Release|x64.Deploy.0 = Release|Any CPU
		{91CE71D1-BBAF-46F2-B5A7-DA85675D12E0}.Release|x86.ActiveCfg = Release|Any CPU
		{91CE71D1-BBAF-46F2-B5A7-DA85675D12E0}.Release|x86.Build.0 = Release|Any CPU
		{91CE71D1-BBAF-46F2-B5A7-DA85675D12E0}.Release|x86.Deploy.0 = Release|Any CPU
		{5D7A1DA8-4F30-4C20-A091-4BF1520EC269}.Ad-Hoc|Any CPU.ActiveCfg = Ad-Hoc|iPhoneSimulator
		{5D7A1DA8-4F30-4C20-A091-4BF1520EC269}.Ad-Hoc|ARM.ActiveCfg = Ad-Hoc|iPhoneSimulator
		{5D7A1DA8-4F30-4C20-A091-4BF1520EC269}.Ad-Hoc|iPhone.ActiveCfg = Ad-Hoc|iPhone
		{5D7A1DA8-4F30-4C20-A091-4BF1520EC269}.Ad-Hoc|iPhone.Build.0 = Ad-Hoc|iPhone
		{5D7A1DA8-4F30-4C20-A091-4BF1520EC269}.Ad-Hoc|iPhoneSimulator.ActiveCfg = Ad-Hoc|iPhoneSimulator
		{5D7A1DA8-4F30-4C20-A091-4BF1520EC269}.Ad-Hoc|iPhoneSimulator.Build.0 = Ad-Hoc|iPhoneSimulator
		{5D7A1DA8-4F30-4C20-A091-4BF1520EC269}.Ad-Hoc|x64.ActiveCfg = Ad-Hoc|iPhoneSimulator
		{5D7A1DA8-4F30-4C20-A091-4BF1520EC269}.Ad-Hoc|x86.ActiveCfg = Ad-Hoc|iPhoneSimulator
		{5D7A1DA8-4F30-4C20-A091-4BF1520EC269}.AppStore|Any CPU.ActiveCfg = AppStore|iPhoneSimulator
		{5D7A1DA8-4F30-4C20-A091-4BF1520EC269}.AppStore|ARM.ActiveCfg = AppStore|iPhoneSimulator
		{5D7A1DA8-4F30-4C20-A091-4BF1520EC269}.AppStore|iPhone.ActiveCfg = AppStore|iPhone
		{5D7A1DA8-4F30-4C20-A091-4BF1520EC269}.AppStore|iPhone.Build.0 = AppStore|iPhone
		{5D7A1DA8-4F30-4C20-A091-4BF1520EC269}.AppStore|iPhoneSimulator.ActiveCfg = AppStore|iPhoneSimulator
		{5D7A1DA8-4F30-4C20-A091-4BF1520EC269}.AppStore|iPhoneSimulator.Build.0 = AppStore|iPhoneSimulator
		{5D7A1DA8-4F30-4C20-A091-4BF1520EC269}.AppStore|x64.ActiveCfg = AppStore|iPhoneSimulator
		{5D7A1DA8-4F30-4C20-A091-4BF1520EC269}.AppStore|x86.ActiveCfg = AppStore|iPhoneSimulator
		{5D7A1DA8-4F30-4C20-A091-4BF1520EC269}.Debug|Any CPU.ActiveCfg = Debug|iPhoneSimulator
		{5D7A1DA8-4F30-4C20-A091-4BF1520EC269}.Debug|ARM.ActiveCfg = Debug|iPhoneSimulator
		{5D7A1DA8-4F30-4C20-A091-4BF1520EC269}.Debug|iPhone.ActiveCfg = Debug|iPhone
		{5D7A1DA8-4F30-4C20-A091-4BF1520EC269}.Debug|iPhone.Build.0 = Debug|iPhone
		{5D7A1DA8-4F30-4C20-A091-4BF1520EC269}.Debug|iPhoneSimulator.ActiveCfg = Debug|iPhoneSimulator
		{5D7A1DA8-4F30-4C20-A091-4BF1520EC269}.Debug|iPhoneSimulator.Build.0 = Debug|iPhoneSimulator
		{5D7A1DA8-4F30-4C20-A091-4BF1520EC269}.Debug|x64.ActiveCfg = Debug|iPhoneSimulator
		{5D7A1DA8-4F30-4C20-A091-4BF1520EC269}.Debug|x86.ActiveCfg = Debug|iPhoneSimulator
		{5D7A1DA8-4F30-4C20-A091-4BF1520EC269}.Release|Any CPU.ActiveCfg = Release|iPhoneSimulator
		{5D7A1DA8-4F30-4C20-A091-4BF1520EC269}.Release|ARM.ActiveCfg = Release|iPhoneSimulator
		{5D7A1DA8-4F30-4C20-A091-4BF1520EC269}.Release|iPhone.ActiveCfg = Release|iPhone
		{5D7A1DA8-4F30-4C20-A091-4BF1520EC269}.Release|iPhone.Build.0 = Release|iPhone
		{5D7A1DA8-4F30-4C20-A091-4BF1520EC269}.Release|iPhoneSimulator.ActiveCfg = Release|iPhoneSimulator
		{5D7A1DA8-4F30-4C20-A091-4BF1520EC269}.Release|iPhoneSimulator.Build.0 = Release|iPhoneSimulator
		{5D7A1DA8-4F30-4C20-A091-4BF1520EC269}.Release|x64.ActiveCfg = Release|iPhoneSimulator
		{5D7A1DA8-4F30-4C20-A091-4BF1520EC269}.Release|x86.ActiveCfg = Release|iPhoneSimulator
		{91B6E3F9-AADA-48C6-8402-F715AAE5D4AA}.Ad-Hoc|Any CPU.ActiveCfg = Debug|ARM
		{91B6E3F9-AADA-48C6-8402-F715AAE5D4AA}.Ad-Hoc|Any CPU.Build.0 = Debug|ARM
		{91B6E3F9-AADA-48C6-8402-F715AAE5D4AA}.Ad-Hoc|Any CPU.Deploy.0 = Debug|ARM
		{91B6E3F9-AADA-48C6-8402-F715AAE5D4AA}.Ad-Hoc|ARM.ActiveCfg = Debug|ARM
		{91B6E3F9-AADA-48C6-8402-F715AAE5D4AA}.Ad-Hoc|ARM.Build.0 = Debug|ARM
		{91B6E3F9-AADA-48C6-8402-F715AAE5D4AA}.Ad-Hoc|ARM.Deploy.0 = Debug|ARM
		{91B6E3F9-AADA-48C6-8402-F715AAE5D4AA}.Ad-Hoc|iPhone.ActiveCfg = Debug|ARM
		{91B6E3F9-AADA-48C6-8402-F715AAE5D4AA}.Ad-Hoc|iPhone.Build.0 = Debug|ARM
		{91B6E3F9-AADA-48C6-8402-F715AAE5D4AA}.Ad-Hoc|iPhone.Deploy.0 = Debug|ARM
		{91B6E3F9-AADA-48C6-8402-F715AAE5D4AA}.Ad-Hoc|iPhoneSimulator.ActiveCfg = Debug|ARM
		{91B6E3F9-AADA-48C6-8402-F715AAE5D4AA}.Ad-Hoc|iPhoneSimulator.Build.0 = Debug|ARM
		{91B6E3F9-AADA-48C6-8402-F715AAE5D4AA}.Ad-Hoc|iPhoneSimulator.Deploy.0 = Debug|ARM
		{91B6E3F9-AADA-48C6-8402-F715AAE5D4AA}.Ad-Hoc|x64.ActiveCfg = Debug|x64
		{91B6E3F9-AADA-48C6-8402-F715AAE5D4AA}.Ad-Hoc|x64.Build.0 = Debug|x64
		{91B6E3F9-AADA-48C6-8402-F715AAE5D4AA}.Ad-Hoc|x64.Deploy.0 = Debug|x64
		{91B6E3F9-AADA-48C6-8402-F715AAE5D4AA}.Ad-Hoc|x86.ActiveCfg = Debug|x86
		{91B6E3F9-AADA-48C6-8402-F715AAE5D4AA}.Ad-Hoc|x86.Build.0 = Debug|x86
		{91B6E3F9-AADA-48C6-8402-F715AAE5D4AA}.Ad-Hoc|x86.Deploy.0 = Debug|x86
		{91B6E3F9-AADA-48C6-8402-F715AAE5D4AA}.AppStore|Any CPU.ActiveCfg = Debug|ARM
		{91B6E3F9-AADA-48C6-8402-F715AAE5D4AA}.AppStore|Any CPU.Build.0 = Debug|ARM
		{91B6E3F9-AADA-48C6-8402-F715AAE5D4AA}.AppStore|Any CPU.Deploy.0 = Debug|ARM
		{91B6E3F9-AADA-48C6-8402-F715AAE5D4AA}.AppStore|ARM.ActiveCfg = Debug|ARM
		{91B6E3F9-AADA-48C6-8402-F715AAE5D4AA}.AppStore|ARM.Build.0 = Debug|ARM
		{91B6E3F9-AADA-48C6-8402-F715AAE5D4AA}.AppStore|ARM.Deploy.0 = Debug|ARM
		{91B6E3F9-AADA-48C6-8402-F715AAE5D4AA}.AppStore|iPhone.ActiveCfg = Debug|ARM
		{91B6E3F9-AADA-48C6-8402-F715AAE5D4AA}.AppStore|iPhone.Build.0 = Debug|ARM
		{91B6E3F9-AADA-48C6-8402-F715AAE5D4AA}.AppStore|iPhone.Deploy.0 = Debug|ARM
		{91B6E3F9-AADA-48C6-8402-F715AAE5D4AA}.AppStore|iPhoneSimulator.ActiveCfg = Debug|ARM
		{91B6E3F9-AADA-48C6-8402-F715AAE5D4AA}.AppStore|iPhoneSimulator.Build.0 = Debug|ARM
		{91B6E3F9-AADA-48C6-8402-F715AAE5D4AA}.AppStore|iPhoneSimulator.Deploy.0 = Debug|ARM
		{91B6E3F9-AADA-48C6-8402-F715AAE5D4AA}.AppStore|x64.ActiveCfg = Debug|x64
		{91B6E3F9-AADA-48C6-8402-F715AAE5D4AA}.AppStore|x64.Build.0 = Debug|x64
		{91B6E3F9-AADA-48C6-8402-F715AAE5D4AA}.AppStore|x64.Deploy.0 = Debug|x64
		{91B6E3F9-AADA-48C6-8402-F715AAE5D4AA}.AppStore|x86.ActiveCfg = Debug|x86
		{91B6E3F9-AADA-48C6-8402-F715AAE5D4AA}.AppStore|x86.Build.0 = Debug|x86
		{91B6E3F9-AADA-48C6-8402-F715AAE5D4AA}.AppStore|x86.Deploy.0 = Debug|x86
		{91B6E3F9-AADA-48C6-8402-F715AAE5D4AA}.Debug|Any CPU.ActiveCfg = Debug|x86
		{91B6E3F9-AADA-48C6-8402-F715AAE5D4AA}.Debug|ARM.ActiveCfg = Debug|ARM
		{91B6E3F9-AADA-48C6-8402-F715AAE5D4AA}.Debug|ARM.Build.0 = Debug|ARM
		{91B6E3F9-AADA-48C6-8402-F715AAE5D4AA}.Debug|ARM.Deploy.0 = Debug|ARM
		{91B6E3F9-AADA-48C6-8402-F715AAE5D4AA}.Debug|iPhone.ActiveCfg = Debug|x86
		{91B6E3F9-AADA-48C6-8402-F715AAE5D4AA}.Debug|iPhoneSimulator.ActiveCfg = Debug|x86
		{91B6E3F9-AADA-48C6-8402-F715AAE5D4AA}.Debug|x64.ActiveCfg = Debug|x64
		{91B6E3F9-AADA-48C6-8402-F715AAE5D4AA}.Debug|x64.Build.0 = Debug|x64
		{91B6E3F9-AADA-48C6-8402-F715AAE5D4AA}.Debug|x64.Deploy.0 = Debug|x64
		{91B6E3F9-AADA-48C6-8402-F715AAE5D4AA}.Debug|x86.ActiveCfg = Debug|x86
		{91B6E3F9-AADA-48C6-8402-F715AAE5D4AA}.Debug|x86.Build.0 = Debug|x86
		{91B6E3F9-AADA-48C6-8402-F715AAE5D4AA}.Debug|x86.Deploy.0 = Debug|x86
		{91B6E3F9-AADA-48C6-8402-F715AAE5D4AA}.Release|Any CPU.ActiveCfg = Release|x86
		{91B6E3F9-AADA-48C6-8402-F715AAE5D4AA}.Release|ARM.ActiveCfg = Release|ARM
		{91B6E3F9-AADA-48C6-8402-F715AAE5D4AA}.Release|ARM.Build.0 = Release|ARM
		{91B6E3F9-AADA-48C6-8402-F715AAE5D4AA}.Release|ARM.Deploy.0 = Release|ARM
		{91B6E3F9-AADA-48C6-8402-F715AAE5D4AA}.Release|iPhone.ActiveCfg = Release|x86
		{91B6E3F9-AADA-48C6-8402-F715AAE5D4AA}.Release|iPhoneSimulator.ActiveCfg = Release|x86
		{91B6E3F9-AADA-48C6-8402-F715AAE5D4AA}.Release|x64.ActiveCfg = Release|x64
		{91B6E3F9-AADA-48C6-8402-F715AAE5D4AA}.Release|x64.Build.0 = Release|x64
		{91B6E3F9-AADA-48C6-8402-F715AAE5D4AA}.Release|x64.Deploy.0 = Release|x64
		{91B6E3F9-AADA-48C6-8402-F715AAE5D4AA}.Release|x86.ActiveCfg = Release|x86
		{91B6E3F9-AADA-48C6-8402-F715AAE5D4AA}.Release|x86.Build.0 = Release|x86
		{91B6E3F9-AADA-48C6-8402-F715AAE5D4AA}.Release|x86.Deploy.0 = Release|x86
	EndGlobalSection
	GlobalSection(SolutionProperties) = preSolution
		HideSolutionNode = FALSE
	EndGlobalSection
	GlobalSection(ExtensibilityGlobals) = postSolution
		SolutionGuid = {D90B9711-C601-43C3-9241-86A39B46D788}
	EndGlobalSection
EndGlobal
